
Microsoft Visual Studio Solution File, Format Version 12.00
# Visual Studio 15
VisualStudioVersion = 15.0.26228.4
MinimumVisualStudioVersion = 10.0.40219.1
Project("{FAE04EC0-301F-11D3-BF4B-00C04F79EFBC}") = "CCMS", "CCMS\CCMS.csproj", "{4D96A41B-F404-40A4-9ED1-9CAE52D5CDF7}"
EndProject
Project("{FAE04EC0-301F-11D3-BF4B-00C04F79EFBC}") = "dal2", "dal2\dal2.csproj", "{109943F9-4D44-4306-8433-C63712A95BAF}"
EndProject
Global
	GlobalSection(SolutionConfigurationPlatforms) = preSolution
		Debug|Any CPU = Debug|Any CPU
		Debug|ARM = Debug|ARM
		Debug|x64 = Debug|x64
		Debug|x86 = Debug|x86
		Release|Any CPU = Release|Any CPU
		Release|ARM = Release|ARM
		Release|x64 = Release|x64
		Release|x86 = Release|x86
	EndGlobalSection
	GlobalSection(ProjectConfigurationPlatforms) = postSolution
		{4D96A41B-F404-40A4-9ED1-9CAE52D5CDF7}.Debug|Any CPU.ActiveCfg = Debug|Any CPU
		{4D96A41B-F404-40A4-9ED1-9CAE52D5CDF7}.Debug|Any CPU.Build.0 = Debug|Any CPU
		{4D96A41B-F404-40A4-9ED1-9CAE52D5CDF7}.Debug|ARM.ActiveCfg = Debug|Any CPU
		{4D96A41B-F404-40A4-9ED1-9CAE52D5CDF7}.Debug|ARM.Build.0 = Debug|Any CPU
		{4D96A41B-F404-40A4-9ED1-9CAE52D5CDF7}.Debug|x64.ActiveCfg = Debug|Any CPU
		{4D96A41B-F404-40A4-9ED1-9CAE52D5CDF7}.Debug|x64.Build.0 = Debug|Any CPU
		{4D96A41B-F404-40A4-9ED1-9CAE52D5CDF7}.Debug|x86.ActiveCfg = Debug|Any CPU
		{4D96A41B-F404-40A4-9ED1-9CAE52D5CDF7}.Debug|x86.Build.0 = Debug|Any CPU
		{4D96A41B-F404-40A4-9ED1-9CAE52D5CDF7}.Release|Any CPU.ActiveCfg = Release|Any CPU
		{4D96A41B-F404-40A4-9ED1-9CAE52D5CDF7}.Release|Any CPU.Build.0 = Release|Any CPU
		{4D96A41B-F404-40A4-9ED1-9CAE52D5CDF7}.Release|ARM.ActiveCfg = Release|Any CPU
		{4D96A41B-F404-40A4-9ED1-9CAE52D5CDF7}.Release|ARM.Build.0 = Release|Any CPU
		{4D96A41B-F404-40A4-9ED1-9CAE52D5CDF7}.Release|x64.ActiveCfg = Release|Any CPU
		{4D96A41B-F404-40A4-9ED1-9CAE52D5CDF7}.Release|x64.Build.0 = Release|Any CPU
		{4D96A41B-F404-40A4-9ED1-9CAE52D5CDF7}.Release|x86.ActiveCfg = Release|Any CPU
		{4D96A41B-F404-40A4-9ED1-9CAE52D5CDF7}.Release|x86.Build.0 = Release|Any CPU
		{109943F9-4D44-4306-8433-C63712A95BAF}.Debug|Any CPU.ActiveCfg = Debug|Any CPU
		{109943F9-4D44-4306-8433-C63712A95BAF}.Debug|Any CPU.Build.0 = Debug|Any CPU
		{109943F9-4D44-4306-8433-C63712A95BAF}.Debug|ARM.ActiveCfg = Debug|Any CPU
		{109943F9-4D44-4306-8433-C63712A95BAF}.Debug|ARM.Build.0 = Debug|Any CPU
		{109943F9-4D44-4306-8433-C63712A95BAF}.Debug|x64.ActiveCfg = Debug|Any CPU
		{109943F9-4D44-4306-8433-C63712A95BAF}.Debug|x64.Build.0 = Debug|Any CPU
		{109943F9-4D44-4306-8433-C63712A95BAF}.Debug|x86.ActiveCfg = Debug|Any CPU
		{109943F9-4D44-4306-8433-C63712A95BAF}.Debug|x86.Build.0 = Debug|Any CPU
		{109943F9-4D44-4306-8433-C63712A95BAF}.Release|Any CPU.ActiveCfg = Release|Any CPU
		{109943F9-4D44-4306-8433-C63712A95BAF}.Release|Any CPU.Build.0 = Release|Any CPU
		{109943F9-4D44-4306-8433-C63712A95BAF}.Release|ARM.ActiveCfg = Release|Any CPU
		{109943F9-4D44-4306-8433-C63712A95BAF}.Release|ARM.Build.0 = Release|Any CPU
		{109943F9-4D44-4306-8433-C63712A95BAF}.Release|x64.ActiveCfg = Release|Any CPU
		{109943F9-4D44-4306-8433-C63712A95BAF}.Release|x64.Build.0 = Release|Any CPU
		{109943F9-4D44-4306-8433-C63712A95BAF}.Release|x86.ActiveCfg = Release|Any CPU
		{109943F9-4D44-4306-8433-C63712A95BAF}.Release|x86.Build.0 = Release|Any CPU
	EndGlobalSection
	GlobalSection(SolutionProperties) = preSolution
		HideSolutionNode = FALSE
	EndGlobalSection
EndGlobal
